{
    "hash": "17909ffc950576355af7ab25c3d5646a",
    "packages": [
        {
            "package": "EHER/PHPUnit",
            "version": "dev-master",
            "source-reference": "ee903b6622c061c0b76dc4e764a864c56a86deee",
            "commit-date": "1345468048"
        },
        {
            "package": "doctrine/common",
            "version": "dev-master",
            "alias-pretty-version": "2.4.x-dev",
            "alias-version": "2.4.9999999.9999999-dev"
        },
        {
            "package": "doctrine/common",
            "version": "dev-master",
            "source-reference": "f7afae04c3f89aaa478c734a4c877448edf0cad5",
            "commit-date": "1347545216"
        },
        {
            "package": "doctrine/data-fixtures",
            "version": "dev-master",
            "source-reference": "379a5f19e23849cf082613e2e91ed02bd2ee4fb1",
            "commit-date": "1347551292"
        },
        {
            "package": "doctrine/dbal",
            "version": "dev-master",
            "alias-pretty-version": "2.4.x-dev",
            "alias-version": "2.4.9999999.9999999-dev"
        },
        {
            "package": "doctrine/dbal",
            "version": "dev-master",
            "source-reference": "9d5c2a4aaa6f1b3be7afef43bf696dcfeac180f5",
            "commit-date": "1347360830"
        },
        {
            "package": "doctrine/doctrine-module",
            "version": "dev-master",
            "source-reference": "9ec205d0549a178c032510893affe3104b056680",
            "commit-date": "1347504432"
        },
        {
            "package": "doctrine/doctrine-orm-module",
            "version": "dev-master",
            "source-reference": "3666f2a476ba319eb97323577e9e1d0380b99d94",
            "commit-date": "1346877566"
        },
        {
            "package": "doctrine/migrations",
            "version": "dev-master",
            "source-reference": "17f4b56bf0af0274cabdf3ae9b644059246d66b7",
            "commit-date": "1347005884"
        },
        {
            "package": "doctrine/orm",
            "version": "dev-master",
            "alias-pretty-version": "2.4.x-dev",
            "alias-version": "2.4.9999999.9999999-dev"
        },
        {
            "package": "doctrine/orm",
            "version": "dev-master",
            "source-reference": "68f543b8bb7a0ff32be592946fa9ea143de316d7",
            "commit-date": "1347505953"
        },
        {
            "package": "symfony/console",
            "version": "dev-master",
            "alias-pretty-version": "2.2.x-dev",
            "alias-version": "2.2.9999999.9999999-dev"
        },
        {
            "package": "symfony/console",
            "version": "dev-master",
            "source-reference": "c8dc6870f1375b43dc8fe0df30bb47abc350076b",
            "commit-date": "1346957130"
        },
        {
            "package": "symfony/finder",
            "version": "v2.0.16"
        },
        {
            "package": "zendframework/zendframework",
            "version": "dev-master",
            "alias-pretty-version": "2.0.x-dev",
            "alias-version": "2.0.9999999.9999999-dev"
        },
        {
            "package": "zendframework/zendframework",
            "version": "dev-master",
            "source-reference": "2b394bcbe8fbe9bc528155618902751baec1662f",
            "commit-date": "1347645456"
        }
    ],
    "packages-dev": null,
    "aliases": [

    ],
    "minimum-stability": "dev",
    "stability-flags": {
        "doctrine/doctrine-module": 20,
        "doctrine/doctrine-orm-module": 20
    }
}
